
Microsoft Visual Studio Solution File, Format Version 12.00
# Visual Studio Version 17
VisualStudioVersion = 17.0.31903.59
MinimumVisualStudioVersion = 10.0.40219.1
Project("{2150E333-8FDC-42A3-9474-1A3956D46DE8}") = "src", "src", "{4E85EAB6-4C7E-478A-A40C-551B851753D5}"
EndProject
Project("{9A19103F-16F7-4668-BE54-9A1E7A4F7556}") = "PISIO.VectorSimilarityService.Api", "src\PISIO.VectorSimilarityService.Api\PISIO.VectorSimilarityService.Api.csproj", "{3A227607-40BB-4B82-9409-2039BB00A3C1}"
EndProject
Project("{2150E333-8FDC-42A3-9474-1A3956D46DE8}") = "Solution Items", "Solution Items", "{0108C40C-76BA-4871-A4D5-352787793F5B}"
	ProjectSection(SolutionItems) = preProject
		.editorconfig = .editorconfig
	EndProjectSection
EndProject
Project("{9A19103F-16F7-4668-BE54-9A1E7A4F7556}") = "PISIO.VectorSimilarityService.Data", "src\PISIO.VectorSimilarityService.Data\PISIO.VectorSimilarityService.Data.csproj", "{4ED8C756-F7E5-4A81-AB30-AA572F5883A8}"
EndProject
Project("{9A19103F-16F7-4668-BE54-9A1E7A4F7556}") = "PISIO.VectorSimilarityService.Dtos", "src\PISIO.VectorSimilarityService.Dtos\PISIO.VectorSimilarityService.Dtos.csproj", "{AA1A8263-6F5E-40C2-931C-798D91B6A6DB}"
EndProject
Project("{9A19103F-16F7-4668-BE54-9A1E7A4F7556}") = "PISIO.VectorSimilarityService.Models", "src\PISIO.VectorSimilarityService.Models\PISIO.VectorSimilarityService.Models.csproj", "{0BD716CF-647E-4A76-90A0-CAB3CFFAFDB7}"
EndProject
Global
	GlobalSection(SolutionConfigurationPlatforms) = preSolution
		Debug|Any CPU = Debug|Any CPU
		Release|Any CPU = Release|Any CPU
	EndGlobalSection
	GlobalSection(ProjectConfigurationPlatforms) = postSolution
		{3A227607-40BB-4B82-9409-2039BB00A3C1}.Debug|Any CPU.ActiveCfg = Debug|Any CPU
		{3A227607-40BB-4B82-9409-2039BB00A3C1}.Debug|Any CPU.Build.0 = Debug|Any CPU
		{3A227607-40BB-4B82-9409-2039BB00A3C1}.Release|Any CPU.ActiveCfg = Release|Any CPU
		{3A227607-40BB-4B82-9409-2039BB00A3C1}.Release|Any CPU.Build.0 = Release|Any CPU
		{4ED8C756-F7E5-4A81-AB30-AA572F5883A8}.Debug|Any CPU.ActiveCfg = Debug|Any CPU
		{4ED8C756-F7E5-4A81-AB30-AA572F5883A8}.Debug|Any CPU.Build.0 = Debug|Any CPU
		{4ED8C756-F7E5-4A81-AB30-AA572F5883A8}.Release|Any CPU.ActiveCfg = Release|Any CPU
		{4ED8C756-F7E5-4A81-AB30-AA572F5883A8}.Release|Any CPU.Build.0 = Release|Any CPU
		{AA1A8263-6F5E-40C2-931C-798D91B6A6DB}.Debug|Any CPU.ActiveCfg = Debug|Any CPU
		{AA1A8263-6F5E-40C2-931C-798D91B6A6DB}.Debug|Any CPU.Build.0 = Debug|Any CPU
		{AA1A8263-6F5E-40C2-931C-798D91B6A6DB}.Release|Any CPU.ActiveCfg = Release|Any CPU
		{AA1A8263-6F5E-40C2-931C-798D91B6A6DB}.Release|Any CPU.Build.0 = Release|Any CPU
		{0BD716CF-647E-4A76-90A0-CAB3CFFAFDB7}.Debug|Any CPU.ActiveCfg = Debug|Any CPU
		{0BD716CF-647E-4A76-90A0-CAB3CFFAFDB7}.Debug|Any CPU.Build.0 = Debug|Any CPU
		{0BD716CF-647E-4A76-90A0-CAB3CFFAFDB7}.Release|Any CPU.ActiveCfg = Release|Any CPU
		{0BD716CF-647E-4A76-90A0-CAB3CFFAFDB7}.Release|Any CPU.Build.0 = Release|Any CPU
	EndGlobalSection
	GlobalSection(SolutionProperties) = preSolution
		HideSolutionNode = FALSE
	EndGlobalSection
	GlobalSection(NestedProjects) = preSolution
		{3A227607-40BB-4B82-9409-2039BB00A3C1} = {4E85EAB6-4C7E-478A-A40C-551B851753D5}
	EndGlobalSection
	GlobalSection(ExtensibilityGlobals) = postSolution
		SolutionGuid = {9C887D19-182C-4FBE-ACD6-210F10E86185}
	EndGlobalSection
EndGlobal
